PODS:
  - Nimble (5.1.1)
  - Quick (0.10.0)
  - RxCocoa (3.0.1):
    - RxSwift (~> 3.0)
  - RxMKMapView (3.0.0):
    - RxCocoa (~> 3.0.0)
    - RxSwift (~> 3.0.0)
  - RxSwift (3.0.1)

DEPENDENCIES:
  - Nimble
  - Quick
  - RxMKMapView (from `../`)

EXTERNAL SOURCES:
  RxMKMapView:
    :path: ../

SPEC CHECKSUMS:
  Nimble: 415e3aa3267e7bc2c96b05fa814ddea7bb686a29
  Quick: 5d290df1c69d5ee2f0729956dcf0fd9a30447eaa
  RxCocoa: 15a52fc590dcc700cb4a690a633b5c5184ce3a78
  RxMKMapView: a8f1048b71faf569dc1e37057d1f116e2b7a7513
  RxSwift: af5680055c4ad04480189c52d28385b1029493a6

PODFILE CHECKSUM: f073f6af9f35ec973f7644d8d572d4a7660daee4

COCOAPODS: 1.1.1
