PODS:
  - Nimble (3.0.0)
  - Quick (0.8.0)
  - RxBlocking (2.1.0):
    - RxSwift (~> 2.0)
  - RxCocoa (2.1.0):
    - RxSwift (~> 2.0)
  - RxMKMapView (1.0.5):
    - RxCocoa (~> 2.0)
    - RxSwift (~> 2.0)
  - RxSwift (2.1.0)

DEPENDENCIES:
  - Nimble (= 3.0.0)
  - Quick (~> 0.8.0)
  - RxBlocking (~> 2.0)
  - RxCocoa (~> 2.0)
  - RxMKMapView (from `../`)
  - RxSwift (~> 2.0)

EXTERNAL SOURCES:
  RxMKMapView:
    :path: ../

SPEC CHECKSUMS:
  Nimble: 4c353d43735b38b545cbb4cb91504588eb5de926
  Quick: 563d0f6ec5f72e394645adb377708639b7dd38ab
  RxBlocking: fa297def258d85c5beae9ed507f94645260b3747
  RxCocoa: 79b5feb8378545336e756a0a33fcf5e95050b71c
  RxMKMapView: f876017c8d9f00c75212df318a1b58d3f566ab71
  RxSwift: 110fb07f81c17c2c3b3254d168363057b1880d18

COCOAPODS: 0.39.0
