PODS:
  - Nimble (7.3.1)
  - Quick (1.3.2)
  - RxCocoa (4.3.1):
    - RxSwift (~> 4.0)
  - RxMKMapView (4.2.0):
    - RxCocoa (~> 4.0)
    - RxSwift (~> 4.0)
  - RxSwift (4.3.1)

DEPENDENCIES:
  - Nimble
  - Quick
  - RxMKMapView (from `../`)

SPEC REPOS:
  https://github.com/cocoapods/specs.git:
    - Nimble
    - Quick
    - RxCocoa
    - RxSwift

EXTERNAL SOURCES:
  RxMKMapView:
    :path: "../"

SPEC CHECKSUMS:
  Nimble: 04f732da099ea4d153122aec8c2a88fd0c7219ae
  Quick: 2623cb30d7a7f41ca62f684f679586558f483d46
  RxCocoa: 78763c7b07d02455598d9fc3c1ad091a28b73635
  RxMKMapView: 28a50700aee5684ef645af77c96b76de66bfad22
  RxSwift: fe0fd770a43acdb7d0a53da411c9b892e69bb6e4

PODFILE CHECKSUM: 71ce9fa2b867d95f8b9aca3810e348d809d86709

COCOAPODS: 1.5.3
